// !$*UTF8*$!
{
	archiveVersion = 1;
	classes = {
	};
	objectVersion = 46;
	objects = {

/* Begin PBXBuildFile section */
		77C967551D09B70B00566955 /* AppDelegate.swift in Sources */ = {isa = PBXBuildFile; fileRef = 77C967541D09B70B00566955 /* AppDelegate.swift */; };
		77C967571D09B70B00566955 /* ViewController.swift in Sources */ = {isa = PBXBuildFile; fileRef = 77C967561D09B70B00566955 /* ViewController.swift */; };
		77C9675A1D09B70B00566955 /* Main.storyboard in Resources */ = {isa = PBXBuildFile; fileRef = 77C967581D09B70B00566955 /* Main.storyboard */; };
		77C9675C1D09B70B00566955 /* Assets.xcassets in Resources */ = {isa = PBXBuildFile; fileRef = 77C9675B1D09B70B00566955 /* Assets.xcassets */; };
		77C9675F1D09B70B00566955 /* LaunchScreen.storyboard in Resources */ = {isa = PBXBuildFile; fileRef = 77C9675D1D09B70B00566955 /* LaunchScreen.storyboard */; };
/* End PBXBuildFile section */

/* Begin PBXFileReference section */
		77C967511D09B70B00566955 /* cronometro3.app */ = {isa = PBXFileReference; explicitFileType = wrapper.application; includeInIndex = 0; path = cronometro3.app; sourceTree = BUILT_PRODUCTS_DIR; };
		77C967541D09B70B00566955 /* AppDelegate.swift */ = {isa = PBXFileReference; lastKnownFileType = sourcecode.swift; path = AppDelegate.swift; sourceTree = "<group>"; };
		77C967561D09B70B00566955 /* ViewController.swift */ = {isa = PBXFileReference; lastKnownFileType = sourcecode.swift; path = ViewController.swift; sourceTree = "<group>"; };
		77C967591D09B70B00566955 /* Base */ = {isa = PBXFileReference; lastKnownFileType = file.storyboard; name = Base; path = Base.lproj/Main.storyboard; sourceTree = "<group>"; };
		77C9675B1D09B70B00566955 /* Assets.xcassets */ = {isa = PBXFileReference; lastKnownFileType = folder.assetcatalog; path = Assets.xcassets; sourceTree = "<group>"; };
		77C9675E1D09B70B00566955 /* Base */ = {isa = PBXFileReference; lastKnownFileType = file.storyboard; name = Base; path = Base.lproj/LaunchScreen.storyboard; sourceTree = "<group>"; };
		77C967601D09B70B00566955 /* Info.plist */ = {isa = PBXFileReference; lastKnownFileType = text.plist.xml; path = Info.plist; sourceTree = "<group>"; };
/* End PBXFileReference section */

/* Begin PBXFrameworksBuildPhase section */
		77C9674E1D09B70B00566955 /* Frameworks */ = {
			isa = PBXFrameworksBuildPhase;
			buildActionMask = 2147483647;
			files = (
			);
			runOnlyForDeploymentPostprocessing = 0;
		};
/* End PBXFrameworksBuildPhase section */

/* Begin PBXGroup section */
		77C967481D09B70B00566955 = {
			isa = PBXGroup;
			children = (
				77C967531D09B70B00566955 /* cronometro3 */,
				77C967521D09B70B00566955 /* Products */,
			);
			sourceTree = "<group>";
		};
		77C967521D09B70B00566955 /* Products */ = {
			isa = PBXGroup;
			children = (
				77C967511D09B70B00566955 /* cronometro3.app */,
			);
			name = Products;
			sourceTree = "<group>";
		};
		77C967531D09B70B00566955 /* cronometro3 */ = {
			isa = PBXGroup;
			children = (
				77C967541D09B70B00566955 /* AppDelegate.swift */,
				77C967561D09B70B00566955 /* ViewController.swift */,
				77C967581D09B70B00566955 /* Main.storyboard */,
				77C9675B1D09B70B00566955 /* Assets.xcassets */,
				77C9675D1D09B70B00566955 /* LaunchScreen.storyboard */,
				77C967601D09B70B00566955 /* Info.plist */,
			);
			path = cronometro3;
			sourceTree = "<group>";
		};
/* End PBXGroup section */

/* Begin PBXNativeTarget section */
		77C967501D09B70B00566955 /* cronometro3 */ = {
			isa = PBXNativeTarget;
			buildConfigurationList = 77C967631D09B70B00566955 /* Build configuration list for PBXNativeTarget "cronometro3" */;
			buildPhases = (
				77C9674D1D09B70B00566955 /* Sources */,
				77C9674E1D09B70B00566955 /* Frameworks */,
				77C9674F1D09B70B00566955 /* Resources */,
			);
			buildRules = (
			);
			dependencies = (
			);
			name = cronometro3;
			productName = cronometro3;
			productReference = 77C967511D09B70B00566955 /* cronometro3.app */;
			productType = "com.apple.product-type.application";
		};
/* End PBXNativeTarget section */

/* Begin PBXProject section */
		77C967491D09B70B00566955 /* Project object */ = {
			isa = PBXProject;
			attributes = {
				LastSwiftUpdateCheck = 0730;
				LastUpgradeCheck = 0730;
				ORGANIZATIONNAME = "Alexis Araujo";
				TargetAttributes = {
					77C967501D09B70B00566955 = {
						CreatedOnToolsVersion = 7.3.1;
						DevelopmentTeam = PN2FR53G7Y;
					};
				};
			};
			buildConfigurationList = 77C9674C1D09B70B00566955 /* Build configuration list for PBXProject "cronometro3" */;
			compatibilityVersion = "Xcode 3.2";
			developmentRegion = English;
			hasScannedForEncodings = 0;
			knownRegions = (
				en,
				Base,
			);
			mainGroup = 77C967481D09B70B00566955;
			productRefGroup = 77C967521D09B70B00566955 /* Products */;
			projectDirPath = "";
			projectRoot = "";
			targets = (
				77C967501D09B70B00566955 /* cronometro3 */,
			);
		};
/* End PBXProject section */

/* Begin PBXResourcesBuildPhase section */
		77C9674F1D09B70B00566955 /* Resources */ = {
			isa = PBXResourcesBuildPhase;
			buildActionMask = 2147483647;
			files = (
				77C9675F1D09B70B00566955 /* LaunchScreen.storyboard in Resources */,
				77C9675C1D09B70B00566955 /* Assets.xcassets in Resources */,
				77C9675A1D09B70B00566955 /* Main.storyboard in Resources */,
			);
			runOnlyForDeploymentPostprocessing = 0;
		};
/* End PBXResourcesBuildPhase section */

/* Begin PBXSourcesBuildPhase section */
		77C9674D1D09B70B00566955 /* Sources */ = {
			isa = PBXSourcesBuildPhase;
			buildActionMask = 2147483647;
			files = (
				77C967571D09B70B00566955 /* ViewController.swift in Sources */,
				77C967551D09B70B00566955 /* AppDelegate.swift in Sources */,
			);
			runOnlyForDeploymentPostprocessing = 0;
		};
/* End PBXSourcesBuildPhase section */

/* Begin PBXVariantGroup section */
		77C967581D09B70B00566955 /* Main.storyboard */ = {
			isa = PBXVariantGroup;
			children = (
				77C967591D09B70B00566955 /* Base */,
			);
			name = Main.storyboard;
			sourceTree = "<group>";
		};
		77C9675D1D09B70B00566955 /* LaunchScreen.storyboard */ = {
			isa = PBXVariantGroup;
			children = (
				77C9675E1D09B70B00566955 /* Base */,
			);
			name = LaunchScreen.storyboard;
			sourceTree = "<group>";
		};
/* End PBXVariantGroup section */

/* Begin XCBuildConfiguration section */
		77C967611D09B70B00566955 /* Debug */ = {
			isa = XCBuildConfiguration;
			buildSettings = {
				ALWAYS_SEARCH_USER_PATHS = NO;
				CLANG_ANALYZER_NONNULL = YES;
				CLANG_CXX_LANGUAGE_STANDARD = "gnu++0x";
				CLANG_CXX_LIBRARY = "libc++";
				CLANG_ENABLE_MODULES = YES;
				CLANG_ENABLE_OBJC_ARC = YES;
				CLANG_WARN_BOOL_CONVERSION = YES;
				CLANG_WARN_CONSTANT_CONVERSION = YES;
				CLANG_WARN_DIRECT_OBJC_ISA_USAGE = YES_ERROR;
				CLANG_WARN_EMPTY_BODY = YES;
				CLANG_WARN_ENUM_CONVERSION = YES;
				CLANG_WARN_INT_CONVERSION = YES;
				CLANG_WARN_OBJC_ROOT_CLASS = YES_ERROR;
				CLANG_WARN_UNREACHABLE_CODE = YES;
				CLANG_WARN__DUPLICATE_METHOD_MATCH = YES;
				"CODE_SIGN_IDENTITY[sdk=iphoneos*]" = "iPhone Developer";
				COPY_PHASE_STRIP = NO;
				DEBUG_INFORMATION_FORMAT = dwarf;
				ENABLE_STRICT_OBJC_MSGSEND = YES;
				ENABLE_TESTABILITY = YES;
				GCC_C_LANGUAGE_STANDARD = gnu99;
				GCC_DYNAMIC_NO_PIC = NO;
				GCC_NO_COMMON_BLOCKS = YES;
				GCC_OPTIMIZATION_LEVEL = 0;
				GCC_PREPROCESSOR_DEFINITIONS = (
					"DEBUG=1",
					"$(inherited)",
				);
				GCC_WARN_64_TO_32_BIT_CONVERSION = YES;
				GCC_WARN_ABOUT_RETURN_TYPE = YES_ERROR;
				GCC_WARN_UNDECLARED_SELECTOR = YES;
				GCC_WARN_UNINITIALIZED_AUTOS = YES_AGGRESSIVE;
				GCC_WARN_UNUSED_FUNCTION = YES;
				GCC_WARN_UNUSED_VARIABLE = YES;
				IPHONEOS_DEPLOYMENT_TARGET = 9.3;
				MTL_ENABLE_DEBUG_INFO = YES;
				ONLY_ACTIVE_ARCH = YES;
				SDKROOT = iphoneos;
				SWIFT_OPTIMIZATION_LEVEL = "-Onone";
			};
			name = Debug;
		};
		77C967621D09B70B00566955 /* Release */ = {
			isa = XCBuildConfiguration;
			buildSettings = {
				ALWAYS_SEARCH_USER_PATHS = NO;
				CLANG_ANALYZER_NONNULL = YES;
				CLANG_CXX_LANGUAGE_STANDARD = "gnu++0x";
				CLANG_CXX_LIBRARY = "libc++";
				CLANG_ENABLE_MODULES = YES;
				CLANG_ENABLE_OBJC_ARC = YES;
				CLANG_WARN_BOOL_CONVERSION = YES;
				CLANG_WARN_CONSTANT_CONVERSION = YES;
				CLANG_WARN_DIRECT_OBJC_ISA_USAGE = YES_ERROR;
				CLANG_WARN_EMPTY_BODY = YES;
				CLANG_WARN_ENUM_CONVERSION = YES;
				CLANG_WARN_INT_CONVERSION = YES;
				CLANG_WARN_OBJC_ROOT_CLASS = YES_ERROR;
				CLANG_WARN_UNREACHABLE_CODE = YES;
				CLANG_WARN__DUPLICATE_METHOD_MATCH = YES;
				"CODE_SIGN_IDENTITY[sdk=iphoneos*]" = "iPhone Developer";
				COPY_PHASE_STRIP = NO;
				DEBUG_INFORMATION_FORMAT = "dwarf-with-dsym";
				ENABLE_NS_ASSERTIONS = NO;
				ENABLE_STRICT_OBJC_MSGSEND = YES;
				GCC_C_LANGUAGE_STANDARD = gnu99;
				GCC_NO_COMMON_BLOCKS = YES;
				GCC_WARN_64_TO_32_BIT_CONVERSION = YES;
				GCC_WARN_ABOUT_RETURN_TYPE = YES_ERROR;
				GCC_WARN_UNDECLARED_SELECTOR = YES;
				GCC_WARN_UNINITIALIZED_AUTOS = YES_AGGRESSIVE;
				GCC_WARN_UNUSED_FUNCTION = YES;
				GCC_WARN_UNUSED_VARIABLE = YES;
				IPHONEOS_DEPLOYMENT_TARGET = 9.3;
				MTL_ENABLE_DEBUG_INFO = NO;
				SDKROOT = iphoneos;
				VALIDATE_PRODUCT = YES;
			};
			name = Release;
		};
		77C967641D09B70B00566955 /* Debug */ = {
			isa = XCBuildConfiguration;
			buildSettings = {
				ASSETCATALOG_COMPILER_APPICON_NAME = AppIcon;
				INFOPLIST_FILE = cronometro3/Info.plist;
				LD_RUNPATH_SEARCH_PATHS = "$(inherited) @executable_path/Frameworks";
				PRODUCT_BUNDLE_IDENTIFIER = nielsen.com.cronometro3;
				PRODUCT_NAME = "$(TARGET_NAME)";
			};
			name = Debug;
		};
		77C967651D09B70B00566955 /* Release */ = {
			isa = XCBuildConfiguration;
			buildSettings = {
				ASSETCATALOG_COMPILER_APPICON_NAME = AppIcon;
				INFOPLIST_FILE = cronometro3/Info.plist;
				LD_RUNPATH_SEARCH_PATHS = "$(inherited) @executable_path/Frameworks";
				PRODUCT_BUNDLE_IDENTIFIER = nielsen.com.cronometro3;
				PRODUCT_NAME = "$(TARGET_NAME)";
			};
			name = Release;
		};
/* End XCBuildConfiguration section */

/* Begin XCConfigurationList section */
		77C9674C1D09B70B00566955 /* Build configuration list for PBXProject "cronometro3" */ = {
			isa = XCConfigurationList;
			buildConfigurations = (
				77C967611D09B70B00566955 /* Debug */,
				77C967621D09B70B00566955 /* Release */,
			);
			defaultConfigurationIsVisible = 0;
			defaultConfigurationName = Release;
		};
		77C967631D09B70B00566955 /* Build configuration list for PBXNativeTarget "cronometro3" */ = {
			isa = XCConfigurationList;
			buildConfigurations = (
				77C967641D09B70B00566955 /* Debug */,
				77C967651D09B70B00566955 /* Release */,
			);
			defaultConfigurationIsVisible = 0;
		};
/* End XCConfigurationList section */
	};
	rootObject = 77C967491D09B70B00566955 /* Project object */;
}
